<?xml version="1.0" encoding="utf-8"?>
<Project ToolsVersion="4.0" xmlns="http://schemas.microsoft.com/developer/msbuild/2003">
  <ItemGroup>
    <Filter Include="Core">
      <UniqueIdentifier>{e07f4840-6b5d-4bb3-9baf-71cff5961947}</UniqueIdentifier>
    </Filter>
    <Filter Include="Core\Init">
      <UniqueIdentifier>{311229bd-1c26-40d6-931e-823b630937b6}</UniqueIdentifier>
    </Filter>
    <Filter Include="Managers">
      <UniqueIdentifier>{c84b5378-4095-4a60-9cc5-fe2008cd5583}</UniqueIdentifier>
    </Filter>
    <Filter Include="Rendering">
      <UniqueIdentifier>{12011cf3-a651-47f7-952b-7bde80377478}</UniqueIdentifier>
    </Filter>
    <Filter Include="Rendering\Models">
      <UniqueIdentifier>{cbd58a7e-8a83-41e1-996f-0bb2056830c9}</UniqueIdentifier>
    </Filter>
    <Filter Include="Shaders">
      <UniqueIdentifier>{41c17964-a20d-41c8-88c9-45307e1a05db}</UniqueIdentifier>
    </Filter>
  </ItemGroup>
  <ItemGroup>
    <ClInclude Include="Core\Init\ContextInfo.h">
      <Filter>Core\Init</Filter>
    </ClInclude>
    <ClInclude Include="Core\Init\DebugOutput.h">
      <Filter>Core\Init</Filter>
    </ClInclude>
    <ClInclude Include="Core\Init\FrameBufferInfo.h">
      <Filter>Core\Init</Filter>
    </ClInclude>
    <ClInclude Include="Core\Init\IListener.h">
      <Filter>Core\Init</Filter>
    </ClInclude>
    <ClInclude Include="Core\Init\Init_GLEW.h">
      <Filter>Core\Init</Filter>
    </ClInclude>
    <ClInclude Include="Core\Init\Init_GLUT.h">
      <Filter>Core\Init</Filter>
    </ClInclude>
    <ClInclude Include="Core\Init\WindowInfoh.h">
      <Filter>Core\Init</Filter>
    </ClInclude>
    <ClInclude Include="Managers\ModelManager.h">
      <Filter>Managers</Filter>
    </ClInclude>
    <ClInclude Include="Managers\SceneManager.h">
      <Filter>Managers</Filter>
    </ClInclude>
    <ClInclude Include="Managers\ShaderManager.h">
      <Filter>Managers</Filter>
    </ClInclude>
    <ClInclude Include="Rendering\IGameObject.h">
      <Filter>Rendering</Filter>
    </ClInclude>
    <ClInclude Include="Rendering\VertexFormat.h">
      <Filter>Rendering</Filter>
    </ClInclude>
    <ClInclude Include="Rendering\Models\Cube.h">
      <Filter>Rendering\Models</Filter>
    </ClInclude>
    <ClInclude Include="Rendering\Models\Model.h">
      <Filter>Rendering\Models</Filter>
    </ClInclude>
    <ClInclude Include="Rendering\Models\Quad.h">
      <Filter>Rendering\Models</Filter>
    </ClInclude>
    <ClInclude Include="Rendering\Models\Triangle.h">
      <Filter>Rendering\Models</Filter>
    </ClInclude>
  </ItemGroup>
  <ItemGroup>
    <ClCompile Include="Core\Init\Init_GLEW.cpp">
      <Filter>Core\Init</Filter>
    </ClCompile>
    <ClCompile Include="Core\Init\Init_GLUT.cpp">
      <Filter>Core\Init</Filter>
    </ClCompile>
    <ClCompile Include="Managers\ModelManager.cpp">
      <Filter>Managers</Filter>
    </ClCompile>
    <ClCompile Include="Managers\SceneManager.cpp">
      <Filter>Managers</Filter>
    </ClCompile>
    <ClCompile Include="Managers\ShaderManager.cpp">
      <Filter>Managers</Filter>
    </ClCompile>
    <ClCompile Include="Rendering\Models\Cube.cpp">
      <Filter>Rendering\Models</Filter>
    </ClCompile>
    <ClCompile Include="Rendering\Models\Model.cpp">
      <Filter>Rendering\Models</Filter>
    </ClCompile>
    <ClCompile Include="Rendering\Models\Quad.cpp">
      <Filter>Rendering\Models</Filter>
    </ClCompile>
    <ClCompile Include="Rendering\Models\Triangle.cpp">
      <Filter>Rendering\Models</Filter>
    </ClCompile>
    <ClCompile Include="main.cpp" />
  </ItemGroup>
  <ItemGroup>
    <None Include="Shaders\FragmentShader.glsl">
      <Filter>Shaders</Filter>
    </None>
    <None Include="Shaders\VertexShader.glsl">
      <Filter>Shaders</Filter>
    </None>
    <None Include="packages.config" />
  </ItemGroup>
</Project>